{
  "object": {
    "pins": [
      {
        "package": "HTML",
        "repositoryURL": "https://github.com/robb/Swim.git",
        "state": {
          "branch": "main",
          "revision": "58bf32d8dcac4649d7a4f68a13beb136d6a86dd6",
          "version": null
        }
      }
    ]
  },
  "version": 1
}
